
Microsoft Visual Studio Solution File, Format Version 12.00
# Visual Studio 14
VisualStudioVersion = 14.0.24720.0
MinimumVisualStudioVersion = 10.0.40219.1
Project("{FAE04EC0-301F-11D3-BF4B-00C04F79EFBC}") = "SignalR.ConnectionManager", "SignalR.ConnectionManager\SignalR.ConnectionManager.csproj", "{6AD05BC6-AF45-4839-B3DF-7453233F7865}"
EndProject
Project("{FAE04EC0-301F-11D3-BF4B-00C04F79EFBC}") = "HubTest.WebApp", "HubTest.WebApp\HubTest.WebApp.csproj", "{81DF1CC4-997E-4B8C-A75A-855C111724D9}"
EndProject
Project("{FAE04EC0-301F-11D3-BF4B-00C04F79EFBC}") = "HubTest.UWP", "HubTest.UWP\HubTest.UWP.csproj", "{49360BBE-1ADC-442A-9799-FC5CBAB4298E}"
EndProject
Global
	GlobalSection(SolutionConfigurationPlatforms) = preSolution
		Debug|Any CPU = Debug|Any CPU
		Debug|ARM = Debug|ARM
		Debug|x64 = Debug|x64
		Debug|x86 = Debug|x86
		Release|Any CPU = Release|Any CPU
		Release|ARM = Release|ARM
		Release|x64 = Release|x64
		Release|x86 = Release|x86
	EndGlobalSection
	GlobalSection(ProjectConfigurationPlatforms) = postSolution
		{6AD05BC6-AF45-4839-B3DF-7453233F7865}.Debug|Any CPU.ActiveCfg = Debug|Any CPU
		{6AD05BC6-AF45-4839-B3DF-7453233F7865}.Debug|Any CPU.Build.0 = Debug|Any CPU
		{6AD05BC6-AF45-4839-B3DF-7453233F7865}.Debug|ARM.ActiveCfg = Debug|Any CPU
		{6AD05BC6-AF45-4839-B3DF-7453233F7865}.Debug|ARM.Build.0 = Debug|Any CPU
		{6AD05BC6-AF45-4839-B3DF-7453233F7865}.Debug|x64.ActiveCfg = Debug|Any CPU
		{6AD05BC6-AF45-4839-B3DF-7453233F7865}.Debug|x64.Build.0 = Debug|Any CPU
		{6AD05BC6-AF45-4839-B3DF-7453233F7865}.Debug|x86.ActiveCfg = Debug|Any CPU
		{6AD05BC6-AF45-4839-B3DF-7453233F7865}.Debug|x86.Build.0 = Debug|Any CPU
		{6AD05BC6-AF45-4839-B3DF-7453233F7865}.Release|Any CPU.ActiveCfg = Release|Any CPU
		{6AD05BC6-AF45-4839-B3DF-7453233F7865}.Release|Any CPU.Build.0 = Release|Any CPU
		{6AD05BC6-AF45-4839-B3DF-7453233F7865}.Release|ARM.ActiveCfg = Release|Any CPU
		{6AD05BC6-AF45-4839-B3DF-7453233F7865}.Release|ARM.Build.0 = Release|Any CPU
		{6AD05BC6-AF45-4839-B3DF-7453233F7865}.Release|x64.ActiveCfg = Release|Any CPU
		{6AD05BC6-AF45-4839-B3DF-7453233F7865}.Release|x64.Build.0 = Release|Any CPU
		{6AD05BC6-AF45-4839-B3DF-7453233F7865}.Release|x86.ActiveCfg = Release|Any CPU
		{6AD05BC6-AF45-4839-B3DF-7453233F7865}.Release|x86.Build.0 = Release|Any CPU
		{81DF1CC4-997E-4B8C-A75A-855C111724D9}.Debug|Any CPU.ActiveCfg = Debug|Any CPU
		{81DF1CC4-997E-4B8C-A75A-855C111724D9}.Debug|Any CPU.Build.0 = Debug|Any CPU
		{81DF1CC4-997E-4B8C-A75A-855C111724D9}.Debug|ARM.ActiveCfg = Debug|Any CPU
		{81DF1CC4-997E-4B8C-A75A-855C111724D9}.Debug|ARM.Build.0 = Debug|Any CPU
		{81DF1CC4-997E-4B8C-A75A-855C111724D9}.Debug|x64.ActiveCfg = Debug|Any CPU
		{81DF1CC4-997E-4B8C-A75A-855C111724D9}.Debug|x64.Build.0 = Debug|Any CPU
		{81DF1CC4-997E-4B8C-A75A-855C111724D9}.Debug|x86.ActiveCfg = Debug|Any CPU
		{81DF1CC4-997E-4B8C-A75A-855C111724D9}.Debug|x86.Build.0 = Debug|Any CPU
		{81DF1CC4-997E-4B8C-A75A-855C111724D9}.Release|Any CPU.ActiveCfg = Release|Any CPU
		{81DF1CC4-997E-4B8C-A75A-855C111724D9}.Release|Any CPU.Build.0 = Release|Any CPU
		{81DF1CC4-997E-4B8C-A75A-855C111724D9}.Release|ARM.ActiveCfg = Release|Any CPU
		{81DF1CC4-997E-4B8C-A75A-855C111724D9}.Release|ARM.Build.0 = Release|Any CPU
		{81DF1CC4-997E-4B8C-A75A-855C111724D9}.Release|x64.ActiveCfg = Release|Any CPU
		{81DF1CC4-997E-4B8C-A75A-855C111724D9}.Release|x64.Build.0 = Release|Any CPU
		{81DF1CC4-997E-4B8C-A75A-855C111724D9}.Release|x86.ActiveCfg = Release|Any CPU
		{81DF1CC4-997E-4B8C-A75A-855C111724D9}.Release|x86.Build.0 = Release|Any CPU
		{49360BBE-1ADC-442A-9799-FC5CBAB4298E}.Debug|Any CPU.ActiveCfg = Debug|x86
		{49360BBE-1ADC-442A-9799-FC5CBAB4298E}.Debug|Any CPU.Build.0 = Debug|x86
		{49360BBE-1ADC-442A-9799-FC5CBAB4298E}.Debug|Any CPU.Deploy.0 = Debug|x86
		{49360BBE-1ADC-442A-9799-FC5CBAB4298E}.Debug|ARM.ActiveCfg = Debug|ARM
		{49360BBE-1ADC-442A-9799-FC5CBAB4298E}.Debug|ARM.Build.0 = Debug|ARM
		{49360BBE-1ADC-442A-9799-FC5CBAB4298E}.Debug|ARM.Deploy.0 = Debug|ARM
		{49360BBE-1ADC-442A-9799-FC5CBAB4298E}.Debug|x64.ActiveCfg = Debug|x64
		{49360BBE-1ADC-442A-9799-FC5CBAB4298E}.Debug|x64.Build.0 = Debug|x64
		{49360BBE-1ADC-442A-9799-FC5CBAB4298E}.Debug|x64.Deploy.0 = Debug|x64
		{49360BBE-1ADC-442A-9799-FC5CBAB4298E}.Debug|x86.ActiveCfg = Debug|x86
		{49360BBE-1ADC-442A-9799-FC5CBAB4298E}.Debug|x86.Build.0 = Debug|x86
		{49360BBE-1ADC-442A-9799-FC5CBAB4298E}.Debug|x86.Deploy.0 = Debug|x86
		{49360BBE-1ADC-442A-9799-FC5CBAB4298E}.Release|Any CPU.ActiveCfg = Release|x86
		{49360BBE-1ADC-442A-9799-FC5CBAB4298E}.Release|ARM.ActiveCfg = Release|ARM
		{49360BBE-1ADC-442A-9799-FC5CBAB4298E}.Release|ARM.Build.0 = Release|ARM
		{49360BBE-1ADC-442A-9799-FC5CBAB4298E}.Release|ARM.Deploy.0 = Release|ARM
		{49360BBE-1ADC-442A-9799-FC5CBAB4298E}.Release|x64.ActiveCfg = Release|x64
		{49360BBE-1ADC-442A-9799-FC5CBAB4298E}.Release|x64.Build.0 = Release|x64
		{49360BBE-1ADC-442A-9799-FC5CBAB4298E}.Release|x64.Deploy.0 = Release|x64
		{49360BBE-1ADC-442A-9799-FC5CBAB4298E}.Release|x86.ActiveCfg = Release|x86
		{49360BBE-1ADC-442A-9799-FC5CBAB4298E}.Release|x86.Build.0 = Release|x86
		{49360BBE-1ADC-442A-9799-FC5CBAB4298E}.Release|x86.Deploy.0 = Release|x86
	EndGlobalSection
	GlobalSection(SolutionProperties) = preSolution
		HideSolutionNode = FALSE
	EndGlobalSection
EndGlobal
